// !$*UTF8*$!
{
	archiveVersion = 1;
	classes = {
	};
	objectVersion = 55;
	objects = {

/* Begin PBXBuildFile section */
		703EDEB427574F9E0093836C /* Constants.swift in Sources */ = {isa = PBXBuildFile; fileRef = 703EDEB327574F9E0093836C /* Constants.swift */; };
		704037E0273B717A00D4431D /* AppDelegate.swift in Sources */ = {isa = PBXBuildFile; fileRef = 704037DF273B717A00D4431D /* AppDelegate.swift */; };
		704037E4273B717A00D4431D /* CameraViewController.swift in Sources */ = {isa = PBXBuildFile; fileRef = 704037E3273B717A00D4431D /* CameraViewController.swift */; };
		704037E9273B717B00D4431D /* Assets.xcassets in Resources */ = {isa = PBXBuildFile; fileRef = 704037E8273B717B00D4431D /* Assets.xcassets */; };
		704037EC273B717B00D4431D /* LaunchScreen.storyboard in Resources */ = {isa = PBXBuildFile; fileRef = 704037EA273B717B00D4431D /* LaunchScreen.storyboard */; };
		70403803273B9CE300D4431D /* PreviewView.swift in Sources */ = {isa = PBXBuildFile; fileRef = 70403802273B9CE300D4431D /* PreviewView.swift */; };
		7043B94827603E3B0076E72A /* CameraHelper.swift in Sources */ = {isa = PBXBuildFile; fileRef = 7043B94627603E3B0076E72A /* CameraHelper.swift */; };
		7043B94E2760517B0076E72A /* ARGearHelper.swift in Sources */ = {isa = PBXBuildFile; fileRef = 7043B94D2760517B0076E72A /* ARGearHelper.swift */; };
		7043B95B2760AA1F0076E72A /* SymbolButton.swift in Sources */ = {isa = PBXBuildFile; fileRef = 7043B95A2760AA1F0076E72A /* SymbolButton.swift */; };
		706700A427731018003FA74B /* Category.swift in Sources */ = {isa = PBXBuildFile; fileRef = 706700A327731018003FA74B /* Category.swift */; };
		7088D0F1276322F800B922C4 /* CategoryCollectionVIew.swift in Sources */ = {isa = PBXBuildFile; fileRef = 7088D0F0276322F800B922C4 /* CategoryCollectionVIew.swift */; };
		7088D0F32763267200B922C4 /* CategoryCell.swift in Sources */ = {isa = PBXBuildFile; fileRef = 7088D0F22763267200B922C4 /* CategoryCell.swift */; };
		7088D0F527632BED00B922C4 /* ContentCollectionView.swift in Sources */ = {isa = PBXBuildFile; fileRef = 7088D0F427632BED00B922C4 /* ContentCollectionView.swift */; };
		7088D0F727632C1600B922C4 /* ContentCell.swift in Sources */ = {isa = PBXBuildFile; fileRef = 7088D0F627632C1600B922C4 /* ContentCell.swift */; };
		7088D0FB2766747000B922C4 /* CollectionViewCell.swift in Sources */ = {isa = PBXBuildFile; fileRef = 7088D0FA2766747000B922C4 /* CollectionViewCell.swift */; };
		70C24309278C3E7D00A978A4 /* ARGearSDK-release.xcframework in Frameworks */ = {isa = PBXBuildFile; fileRef = 70C24308278C3E7D00A978A4 /* ARGearSDK-release.xcframework */; };
		70C2430A278C3E7D00A978A4 /* ARGearSDK-release.xcframework in Embed Frameworks */ = {isa = PBXBuildFile; fileRef = 70C24308278C3E7D00A978A4 /* ARGearSDK-release.xcframework */; settings = {ATTRIBUTES = (RemoveHeadersOnCopy, ); }; };
/* End PBXBuildFile section */

/* Begin PBXCopyFilesBuildPhase section */
		7054ABA7277B1F7000E29A57 /* Embed Frameworks */ = {
			isa = PBXCopyFilesBuildPhase;
			buildActionMask = 2147483647;
			dstPath = "";
			dstSubfolderSpec = 10;
			files = (
				70C2430A278C3E7D00A978A4 /* ARGearSDK-release.xcframework in Embed Frameworks */,
			);
			name = "Embed Frameworks";
			runOnlyForDeploymentPostprocessing = 0;
		};
/* End PBXCopyFilesBuildPhase section */

/* Begin PBXFileReference section */
		703EDEB327574F9E0093836C /* Constants.swift */ = {isa = PBXFileReference; lastKnownFileType = sourcecode.swift; path = Constants.swift; sourceTree = "<group>"; };
		704037DC273B717A00D4431D /* sample-argear.app */ = {isa = PBXFileReference; explicitFileType = wrapper.application; includeInIndex = 0; path = "sample-argear.app"; sourceTree = BUILT_PRODUCTS_DIR; };
		704037DF273B717A00D4431D /* AppDelegate.swift */ = {isa = PBXFileReference; lastKnownFileType = sourcecode.swift; path = AppDelegate.swift; sourceTree = "<group>"; };
		704037E3273B717A00D4431D /* CameraViewController.swift */ = {isa = PBXFileReference; lastKnownFileType = sourcecode.swift; path = CameraViewController.swift; sourceTree = "<group>"; };
		704037E8273B717B00D4431D /* Assets.xcassets */ = {isa = PBXFileReference; lastKnownFileType = folder.assetcatalog; path = Assets.xcassets; sourceTree = "<group>"; };
		704037EB273B717B00D4431D /* Base */ = {isa = PBXFileReference; lastKnownFileType = file.storyboard; name = Base; path = Base.lproj/LaunchScreen.storyboard; sourceTree = "<group>"; };
		704037ED273B717B00D4431D /* Info.plist */ = {isa = PBXFileReference; lastKnownFileType = text.plist.xml; path = Info.plist; sourceTree = "<group>"; };
		70403802273B9CE300D4431D /* PreviewView.swift */ = {isa = PBXFileReference; lastKnownFileType = sourcecode.swift; path = PreviewView.swift; sourceTree = "<group>"; };
		7043B94627603E3B0076E72A /* CameraHelper.swift */ = {isa = PBXFileReference; fileEncoding = 4; lastKnownFileType = sourcecode.swift; path = CameraHelper.swift; sourceTree = "<group>"; };
		7043B94D2760517B0076E72A /* ARGearHelper.swift */ = {isa = PBXFileReference; lastKnownFileType = sourcecode.swift; path = ARGearHelper.swift; sourceTree = "<group>"; };
		7043B95A2760AA1F0076E72A /* SymbolButton.swift */ = {isa = PBXFileReference; lastKnownFileType = sourcecode.swift; path = SymbolButton.swift; sourceTree = "<group>"; };
		706700A327731018003FA74B /* Category.swift */ = {isa = PBXFileReference; lastKnownFileType = sourcecode.swift; path = Category.swift; sourceTree = "<group>"; };
		7088D0F0276322F800B922C4 /* CategoryCollectionVIew.swift */ = {isa = PBXFileReference; lastKnownFileType = sourcecode.swift; path = CategoryCollectionVIew.swift; sourceTree = "<group>"; };
		7088D0F22763267200B922C4 /* CategoryCell.swift */ = {isa = PBXFileReference; lastKnownFileType = sourcecode.swift; path = CategoryCell.swift; sourceTree = "<group>"; };
		7088D0F427632BED00B922C4 /* ContentCollectionView.swift */ = {isa = PBXFileReference; lastKnownFileType = sourcecode.swift; path = ContentCollectionView.swift; sourceTree = "<group>"; };
		7088D0F627632C1600B922C4 /* ContentCell.swift */ = {isa = PBXFileReference; lastKnownFileType = sourcecode.swift; path = ContentCell.swift; sourceTree = "<group>"; };
		7088D0FA2766747000B922C4 /* CollectionViewCell.swift */ = {isa = PBXFileReference; lastKnownFileType = sourcecode.swift; path = CollectionViewCell.swift; sourceTree = "<group>"; };
		70C24308278C3E7D00A978A4 /* ARGearSDK-release.xcframework */ = {isa = PBXFileReference; lastKnownFileType = wrapper.xcframework; path = "ARGearSDK-release.xcframework"; sourceTree = "<group>"; };
/* End PBXFileReference section */

/* Begin PBXFrameworksBuildPhase section */
		704037D9273B717A00D4431D /* Frameworks */ = {
			isa = PBXFrameworksBuildPhase;
			buildActionMask = 2147483647;
			files = (
				70C24309278C3E7D00A978A4 /* ARGearSDK-release.xcframework in Frameworks */,
			);
			runOnlyForDeploymentPostprocessing = 0;
		};
/* End PBXFrameworksBuildPhase section */

/* Begin PBXGroup section */
		704037D3273B717A00D4431D = {
			isa = PBXGroup;
			children = (
				704037DE273B717A00D4431D /* sample-argear */,
				704037DD273B717A00D4431D /* Products */,
				705DE9B7273BDB110008FC9D /* Frameworks */,
			);
			sourceTree = "<group>";
		};
		704037DD273B717A00D4431D /* Products */ = {
			isa = PBXGroup;
			children = (
				704037DC273B717A00D4431D /* sample-argear.app */,
			);
			name = Products;
			sourceTree = "<group>";
		};
		704037DE273B717A00D4431D /* sample-argear */ = {
			isa = PBXGroup;
			children = (
				704037DF273B717A00D4431D /* AppDelegate.swift */,
				703EDEB327574F9E0093836C /* Constants.swift */,
				7043B96A2762FEED0076E72A /* Helpers */,
				705DE9B6273BD9980008FC9D /* Views */,
				706700A627731D67003FA74B /* Models */,
				704037E8273B717B00D4431D /* Assets.xcassets */,
				704037EA273B717B00D4431D /* LaunchScreen.storyboard */,
				704037ED273B717B00D4431D /* Info.plist */,
			);
			path = "sample-argear";
			sourceTree = "<group>";
		};
		7043B96A2762FEED0076E72A /* Helpers */ = {
			isa = PBXGroup;
			children = (
				7043B94627603E3B0076E72A /* CameraHelper.swift */,
				7043B94D2760517B0076E72A /* ARGearHelper.swift */,
			);
			path = Helpers;
			sourceTree = "<group>";
		};
		705DE9B6273BD9980008FC9D /* Views */ = {
			isa = PBXGroup;
			children = (
				704037E3273B717A00D4431D /* CameraViewController.swift */,
				70403802273B9CE300D4431D /* PreviewView.swift */,
				7043B95A2760AA1F0076E72A /* SymbolButton.swift */,
				7088D0FC2766749900B922C4 /* Content Selector */,
			);
			path = Views;
			sourceTree = "<group>";
		};
		705DE9B7273BDB110008FC9D /* Frameworks */ = {
			isa = PBXGroup;
			children = (
				70C24308278C3E7D00A978A4 /* ARGearSDK-release.xcframework */,
			);
			path = Frameworks;
			sourceTree = "<group>";
		};
		706700A627731D67003FA74B /* Models */ = {
			isa = PBXGroup;
			children = (
				706700A327731018003FA74B /* Category.swift */,
			);
			path = Models;
			sourceTree = "<group>";
		};
		7088D0FC2766749900B922C4 /* Content Selector */ = {
			isa = PBXGroup;
			children = (
				7088D0F0276322F800B922C4 /* CategoryCollectionVIew.swift */,
				7088D0F427632BED00B922C4 /* ContentCollectionView.swift */,
				7088D0FA2766747000B922C4 /* CollectionViewCell.swift */,
				7088D0F22763267200B922C4 /* CategoryCell.swift */,
				7088D0F627632C1600B922C4 /* ContentCell.swift */,
			);
			path = "Content Selector";
			sourceTree = "<group>";
		};
/* End PBXGroup section */

/* Begin PBXNativeTarget section */
		704037DB273B717A00D4431D /* sample-argear */ = {
			isa = PBXNativeTarget;
			buildConfigurationList = 704037F0273B717B00D4431D /* Build configuration list for PBXNativeTarget "sample-argear" */;
			buildPhases = (
				704037D8273B717A00D4431D /* Sources */,
				704037D9273B717A00D4431D /* Frameworks */,
				704037DA273B717A00D4431D /* Resources */,
				7054ABA7277B1F7000E29A57 /* Embed Frameworks */,
			);
			buildRules = (
			);
			dependencies = (
			);
			name = "sample-argear";
			productName = "sample-argear";
			productReference = 704037DC273B717A00D4431D /* sample-argear.app */;
			productType = "com.apple.product-type.application";
		};
/* End PBXNativeTarget section */

/* Begin PBXProject section */
		704037D4273B717A00D4431D /* Project object */ = {
			isa = PBXProject;
			attributes = {
				BuildIndependentTargetsInParallel = 1;
				LastSwiftUpdateCheck = 1300;
				LastUpgradeCheck = 1300;
				TargetAttributes = {
					704037DB273B717A00D4431D = {
						CreatedOnToolsVersion = 13.0;
					};
				};
			};
			buildConfigurationList = 704037D7273B717A00D4431D /* Build configuration list for PBXProject "sample-argear" */;
			compatibilityVersion = "Xcode 13.0";
			developmentRegion = en;
			hasScannedForEncodings = 0;
			knownRegions = (
				en,
				Base,
			);
			mainGroup = 704037D3273B717A00D4431D;
			productRefGroup = 704037DD273B717A00D4431D /* Products */;
			projectDirPath = "";
			projectRoot = "";
			targets = (
				704037DB273B717A00D4431D /* sample-argear */,
			);
		};
/* End PBXProject section */

/* Begin PBXResourcesBuildPhase section */
		704037DA273B717A00D4431D /* Resources */ = {
			isa = PBXResourcesBuildPhase;
			buildActionMask = 2147483647;
			files = (
				704037EC273B717B00D4431D /* LaunchScreen.storyboard in Resources */,
				704037E9273B717B00D4431D /* Assets.xcassets in Resources */,
			);
			runOnlyForDeploymentPostprocessing = 0;
		};
/* End PBXResourcesBuildPhase section */

/* Begin PBXSourcesBuildPhase section */
		704037D8273B717A00D4431D /* Sources */ = {
			isa = PBXSourcesBuildPhase;
			buildActionMask = 2147483647;
			files = (
				70403803273B9CE300D4431D /* PreviewView.swift in Sources */,
				7088D0F727632C1600B922C4 /* ContentCell.swift in Sources */,
				7088D0FB2766747000B922C4 /* CollectionViewCell.swift in Sources */,
				704037E4273B717A00D4431D /* CameraViewController.swift in Sources */,
				7088D0F527632BED00B922C4 /* ContentCollectionView.swift in Sources */,
				7043B95B2760AA1F0076E72A /* SymbolButton.swift in Sources */,
				703EDEB427574F9E0093836C /* Constants.swift in Sources */,
				7088D0F1276322F800B922C4 /* CategoryCollectionVIew.swift in Sources */,
				7088D0F32763267200B922C4 /* CategoryCell.swift in Sources */,
				706700A427731018003FA74B /* Category.swift in Sources */,
				7043B94827603E3B0076E72A /* CameraHelper.swift in Sources */,
				704037E0273B717A00D4431D /* AppDelegate.swift in Sources */,
				7043B94E2760517B0076E72A /* ARGearHelper.swift in Sources */,
			);
			runOnlyForDeploymentPostprocessing = 0;
		};
/* End PBXSourcesBuildPhase section */

/* Begin PBXVariantGroup section */
		704037EA273B717B00D4431D /* LaunchScreen.storyboard */ = {
			isa = PBXVariantGroup;
			children = (
				704037EB273B717B00D4431D /* Base */,
			);
			name = LaunchScreen.storyboard;
			sourceTree = "<group>";
		};
/* End PBXVariantGroup section */

/* Begin XCBuildConfiguration section */
		704037EE273B717B00D4431D /* Debug */ = {
			isa = XCBuildConfiguration;
			buildSettings = {
				ALWAYS_SEARCH_USER_PATHS = NO;
				CLANG_ANALYZER_NONNULL = YES;
				CLANG_ANALYZER_NUMBER_OBJECT_CONVERSION = YES_AGGRESSIVE;
				CLANG_CXX_LANGUAGE_STANDARD = "gnu++17";
				CLANG_CXX_LIBRARY = "libc++";
				CLANG_ENABLE_MODULES = YES;
				CLANG_ENABLE_OBJC_ARC = YES;
				CLANG_ENABLE_OBJC_WEAK = YES;
				CLANG_WARN_BLOCK_CAPTURE_AUTORELEASING = YES;
				CLANG_WARN_BOOL_CONVERSION = YES;
				CLANG_WARN_COMMA = YES;
				CLANG_WARN_CONSTANT_CONVERSION = YES;
				CLANG_WARN_DEPRECATED_OBJC_IMPLEMENTATIONS = YES;
				CLANG_WARN_DIRECT_OBJC_ISA_USAGE = YES_ERROR;
				CLANG_WARN_DOCUMENTATION_COMMENTS = YES;
				CLANG_WARN_EMPTY_BODY = YES;
				CLANG_WARN_ENUM_CONVERSION = YES;
				CLANG_WARN_INFINITE_RECURSION = YES;
				CLANG_WARN_INT_CONVERSION = YES;
				CLANG_WARN_NON_LITERAL_NULL_CONVERSION = YES;
				CLANG_WARN_OBJC_IMPLICIT_RETAIN_SELF = YES;
				CLANG_WARN_OBJC_LITERAL_CONVERSION = YES;
				CLANG_WARN_OBJC_ROOT_CLASS = YES_ERROR;
				CLANG_WARN_QUOTED_INCLUDE_IN_FRAMEWORK_HEADER = YES;
				CLANG_WARN_RANGE_LOOP_ANALYSIS = YES;
				CLANG_WARN_STRICT_PROTOTYPES = YES;
				CLANG_WARN_SUSPICIOUS_MOVE = YES;
				CLANG_WARN_UNGUARDED_AVAILABILITY = YES_AGGRESSIVE;
				CLANG_WARN_UNREACHABLE_CODE = YES;
				CLANG_WARN__DUPLICATE_METHOD_MATCH = YES;
				COPY_PHASE_STRIP = NO;
				DEBUG_INFORMATION_FORMAT = dwarf;
				ENABLE_STRICT_OBJC_MSGSEND = YES;
				ENABLE_TESTABILITY = YES;
				GCC_C_LANGUAGE_STANDARD = gnu11;
				GCC_DYNAMIC_NO_PIC = NO;
				GCC_NO_COMMON_BLOCKS = YES;
				GCC_OPTIMIZATION_LEVEL = 0;
				GCC_PREPROCESSOR_DEFINITIONS = (
					"DEBUG=1",
					"$(inherited)",
				);
				GCC_WARN_64_TO_32_BIT_CONVERSION = YES;
				GCC_WARN_ABOUT_RETURN_TYPE = YES_ERROR;
				GCC_WARN_UNDECLARED_SELECTOR = YES;
				GCC_WARN_UNINITIALIZED_AUTOS = YES_AGGRESSIVE;
				GCC_WARN_UNUSED_FUNCTION = YES;
				GCC_WARN_UNUSED_VARIABLE = YES;
				IPHONEOS_DEPLOYMENT_TARGET = 13.0;
				MTL_ENABLE_DEBUG_INFO = INCLUDE_SOURCE;
				MTL_FAST_MATH = YES;
				ONLY_ACTIVE_ARCH = YES;
				SDKROOT = iphoneos;
				SWIFT_ACTIVE_COMPILATION_CONDITIONS = DEBUG;
				SWIFT_OPTIMIZATION_LEVEL = "-Onone";
			};
			name = Debug;
		};
		704037EF273B717B00D4431D /* Release */ = {
			isa = XCBuildConfiguration;
			buildSettings = {
				ALWAYS_SEARCH_USER_PATHS = NO;
				CLANG_ANALYZER_NONNULL = YES;
				CLANG_ANALYZER_NUMBER_OBJECT_CONVERSION = YES_AGGRESSIVE;
				CLANG_CXX_LANGUAGE_STANDARD = "gnu++17";
				CLANG_CXX_LIBRARY = "libc++";
				CLANG_ENABLE_MODULES = YES;
				CLANG_ENABLE_OBJC_ARC = YES;
				CLANG_ENABLE_OBJC_WEAK = YES;
				CLANG_WARN_BLOCK_CAPTURE_AUTORELEASING = YES;
				CLANG_WARN_BOOL_CONVERSION = YES;
				CLANG_WARN_COMMA = YES;
				CLANG_WARN_CONSTANT_CONVERSION = YES;
				CLANG_WARN_DEPRECATED_OBJC_IMPLEMENTATIONS = YES;
				CLANG_WARN_DIRECT_OBJC_ISA_USAGE = YES_ERROR;
				CLANG_WARN_DOCUMENTATION_COMMENTS = YES;
				CLANG_WARN_EMPTY_BODY = YES;
				CLANG_WARN_ENUM_CONVERSION = YES;
				CLANG_WARN_INFINITE_RECURSION = YES;
				CLANG_WARN_INT_CONVERSION = YES;
				CLANG_WARN_NON_LITERAL_NULL_CONVERSION = YES;
				CLANG_WARN_OBJC_IMPLICIT_RETAIN_SELF = YES;
				CLANG_WARN_OBJC_LITERAL_CONVERSION = YES;
				CLANG_WARN_OBJC_ROOT_CLASS = YES_ERROR;
				CLANG_WARN_QUOTED_INCLUDE_IN_FRAMEWORK_HEADER = YES;
				CLANG_WARN_RANGE_LOOP_ANALYSIS = YES;
				CLANG_WARN_STRICT_PROTOTYPES = YES;
				CLANG_WARN_SUSPICIOUS_MOVE = YES;
				CLANG_WARN_UNGUARDED_AVAILABILITY = YES_AGGRESSIVE;
				CLANG_WARN_UNREACHABLE_CODE = YES;
				CLANG_WARN__DUPLICATE_METHOD_MATCH = YES;
				COPY_PHASE_STRIP = NO;
				DEBUG_INFORMATION_FORMAT = "dwarf-with-dsym";
				ENABLE_NS_ASSERTIONS = NO;
				ENABLE_STRICT_OBJC_MSGSEND = YES;
				GCC_C_LANGUAGE_STANDARD = gnu11;
				GCC_NO_COMMON_BLOCKS = YES;
				GCC_WARN_64_TO_32_BIT_CONVERSION = YES;
				GCC_WARN_ABOUT_RETURN_TYPE = YES_ERROR;
				GCC_WARN_UNDECLARED_SELECTOR = YES;
				GCC_WARN_UNINITIALIZED_AUTOS = YES_AGGRESSIVE;
				GCC_WARN_UNUSED_FUNCTION = YES;
				GCC_WARN_UNUSED_VARIABLE = YES;
				IPHONEOS_DEPLOYMENT_TARGET = 13.0;
				MTL_ENABLE_DEBUG_INFO = NO;
				MTL_FAST_MATH = YES;
				SDKROOT = iphoneos;
				SWIFT_COMPILATION_MODE = wholemodule;
				SWIFT_OPTIMIZATION_LEVEL = "-O";
				VALIDATE_PRODUCT = YES;
			};
			name = Release;
		};
		704037F1273B717B00D4431D /* Debug */ = {
			isa = XCBuildConfiguration;
			buildSettings = {
				ASSETCATALOG_COMPILER_APPICON_NAME = AppIcon;
				ASSETCATALOG_COMPILER_GLOBAL_ACCENT_COLOR_NAME = AccentColor;
				CODE_SIGN_STYLE = Automatic;
				CURRENT_PROJECT_VERSION = 1;
				DEVELOPMENT_TEAM = 93E8PC4BD5;
				GENERATE_INFOPLIST_FILE = YES;
				INFOPLIST_FILE = "sample-argear/Info.plist";
				INFOPLIST_KEY_CFBundleDisplayName = "ARGear Sample";
				INFOPLIST_KEY_NSCameraUsageDescription = "";
				INFOPLIST_KEY_NSPhotoLibraryUsageDescription = "";
				INFOPLIST_KEY_UIApplicationSupportsIndirectInputEvents = YES;
				INFOPLIST_KEY_UILaunchStoryboardName = LaunchScreen;
				INFOPLIST_KEY_UIStatusBarHidden = YES;
				INFOPLIST_KEY_UISupportedInterfaceOrientations = UIInterfaceOrientationPortrait;
				INFOPLIST_KEY_UISupportedInterfaceOrientations_iPad = "UIInterfaceOrientationPortrait UIInterfaceOrientationPortraitUpsideDown UIInterfaceOrientationLandscapeLeft UIInterfaceOrientationLandscapeRight";
				INFOPLIST_KEY_UISupportedInterfaceOrientations_iPhone = "UIInterfaceOrientationPortrait UIInterfaceOrientationLandscapeLeft UIInterfaceOrientationLandscapeRight";
				INFOPLIST_KEY_UIUserInterfaceStyle = Dark;
				LD_RUNPATH_SEARCH_PATHS = (
					"$(inherited)",
					"@executable_path/Frameworks",
				);
				MARKETING_VERSION = 1.0;
				PRODUCT_BUNDLE_IDENTIFIER = com.seerslab.argearv3.sample;
				PRODUCT_NAME = "$(TARGET_NAME)";
				SWIFT_EMIT_LOC_STRINGS = YES;
				SWIFT_VERSION = 5.0;
				TARGETED_DEVICE_FAMILY = 1;
			};
			name = Debug;
		};
		704037F2273B717B00D4431D /* Release */ = {
			isa = XCBuildConfiguration;
			buildSettings = {
				ASSETCATALOG_COMPILER_APPICON_NAME = AppIcon;
				ASSETCATALOG_COMPILER_GLOBAL_ACCENT_COLOR_NAME = AccentColor;
				CODE_SIGN_STYLE = Automatic;
				CURRENT_PROJECT_VERSION = 1;
				DEVELOPMENT_TEAM = 93E8PC4BD5;
				GENERATE_INFOPLIST_FILE = YES;
				INFOPLIST_FILE = "sample-argear/Info.plist";
				INFOPLIST_KEY_CFBundleDisplayName = "ARGear Sample";
				INFOPLIST_KEY_NSCameraUsageDescription = "";
				INFOPLIST_KEY_NSPhotoLibraryUsageDescription = "";
				INFOPLIST_KEY_UIApplicationSupportsIndirectInputEvents = YES;
				INFOPLIST_KEY_UILaunchStoryboardName = LaunchScreen;
				INFOPLIST_KEY_UIStatusBarHidden = YES;
				INFOPLIST_KEY_UISupportedInterfaceOrientations = UIInterfaceOrientationPortrait;
				INFOPLIST_KEY_UISupportedInterfaceOrientations_iPad = "UIInterfaceOrientationPortrait UIInterfaceOrientationPortraitUpsideDown UIInterfaceOrientationLandscapeLeft UIInterfaceOrientationLandscapeRight";
				INFOPLIST_KEY_UISupportedInterfaceOrientations_iPhone = "UIInterfaceOrientationPortrait UIInterfaceOrientationLandscapeLeft UIInterfaceOrientationLandscapeRight";
				INFOPLIST_KEY_UIUserInterfaceStyle = Dark;
				LD_RUNPATH_SEARCH_PATHS = (
					"$(inherited)",
					"@executable_path/Frameworks",
				);
				MARKETING_VERSION = 1.0;
				PRODUCT_BUNDLE_IDENTIFIER = com.seerslab.argearv3.sample;
				PRODUCT_NAME = "$(TARGET_NAME)";
				SWIFT_EMIT_LOC_STRINGS = YES;
				SWIFT_VERSION = 5.0;
				TARGETED_DEVICE_FAMILY = 1;
			};
			name = Release;
		};
/* End XCBuildConfiguration section */

/* Begin XCConfigurationList section */
		704037D7273B717A00D4431D /* Build configuration list for PBXProject "sample-argear" */ = {
			isa = XCConfigurationList;
			buildConfigurations = (
				704037EE273B717B00D4431D /* Debug */,
				704037EF273B717B00D4431D /* Release */,
			);
			defaultConfigurationIsVisible = 0;
			defaultConfigurationName = Release;
		};
		704037F0273B717B00D4431D /* Build configuration list for PBXNativeTarget "sample-argear" */ = {
			isa = XCConfigurationList;
			buildConfigurations = (
				704037F1273B717B00D4431D /* Debug */,
				704037F2273B717B00D4431D /* Release */,
			);
			defaultConfigurationIsVisible = 0;
			defaultConfigurationName = Release;
		};
/* End XCConfigurationList section */
	};
	rootObject = 704037D4273B717A00D4431D /* Project object */;
}
